<?xml version="1.0" encoding="utf-8"?>
<Project ToolsVersion="4.0" xmlns="http://schemas.microsoft.com/developer/msbuild/2003">
  <ItemGroup>
    <Filter Include="Source files">
      <UniqueIdentifier>{b429f837-7ec9-4a52-b7f0-428c22d13a85}</UniqueIdentifier>
      <Extensions>cpp;c;cc;cxx;def;odl;idl;hpj;bat;asm;asmx</Extensions>
    </Filter>
    <Filter Include="Header files">
      <UniqueIdentifier>{146b051c-9935-4fe3-9d13-46ed84418778}</UniqueIdentifier>
      <Extensions>h;hpp;hxx;hm;inl;inc;xsd</Extensions>
    </Filter>
    <Filter Include="Resource files">
      <UniqueIdentifier>{e725cffb-ac06-4b0c-b852-aea9ba3d1888}</UniqueIdentifier>
      <Extensions>rc;ico;cur;bmp;dlg;rc2;rct;bin;rgs;gif;jpg;jpeg;jpe;resx;tiff;tif;png;wav</Extensions>
    </Filter>
    <Filter Include="Source files\Startup">
      <UniqueIdentifier>{1f441333-dcfc-4acc-a9bb-4fa712e3818b}</UniqueIdentifier>
    </Filter>
    <Filter Include="Source files\Src">
      <UniqueIdentifier>{93601cfc-65df-4066-9abc-9e9cc1881a06}</UniqueIdentifier>
    </Filter>
    <Filter Include="Source files\Middlewares">
      <UniqueIdentifier>{ea59dc17-88c5-4ec8-9e81-8aecdbf90c72}</UniqueIdentifier>
    </Filter>
    <Filter Include="Source files\Middlewares\Third_Party">
      <UniqueIdentifier>{b97f8408-e113-47f9-934f-4272c8b3c0b9}</UniqueIdentifier>
    </Filter>
    <Filter Include="Source files\Middlewares\Third_Party\FatFs">
      <UniqueIdentifier>{4cce6c32-51e6-430d-b9a2-1b1e92dc5143}</UniqueIdentifier>
    </Filter>
    <Filter Include="Source files\Middlewares\Third_Party\FatFs\src">
      <UniqueIdentifier>{91c11347-6b2d-45dc-941c-bd07a20a4572}</UniqueIdentifier>
    </Filter>
    <Filter Include="Source files\Middlewares\Third_Party\FatFs\src\option">
      <UniqueIdentifier>{6ee2d74b-1355-4a8f-9f96-bfcf92e8c4ba}</UniqueIdentifier>
    </Filter>
    <Filter Include="Source files\Drivers">
      <UniqueIdentifier>{4af6e687-8237-4987-9415-d332daf04483}</UniqueIdentifier>
    </Filter>
    <Filter Include="Source files\Drivers\CMSIS">
      <UniqueIdentifier>{0b71037d-2a6b-416e-9533-83b316661aff}</UniqueIdentifier>
    </Filter>
    <Filter Include="Source files\Drivers\CMSIS\Device">
      <UniqueIdentifier>{76edca21-f70f-43b6-9f1d-799725545f41}</UniqueIdentifier>
    </Filter>
    <Filter Include="Source files\Drivers\CMSIS\Device\ST">
      <UniqueIdentifier>{6ae4b3bd-3074-4853-9ba1-ad97af1780a4}</UniqueIdentifier>
    </Filter>
    <Filter Include="Source files\Drivers\CMSIS\Device\ST\STM32F7xx">
      <UniqueIdentifier>{d3612d91-9dc1-476a-9281-9450bc4578a1}</UniqueIdentifier>
    </Filter>
    <Filter Include="Source files\Drivers\CMSIS\Device\ST\STM32F7xx\Include">
      <UniqueIdentifier>{ca3a0769-7245-4e84-9dab-b7766056194e}</UniqueIdentifier>
    </Filter>
    <Filter Include="Source files\Drivers\CMSIS\Include">
      <UniqueIdentifier>{3a1dff4c-6c4f-4423-a3f3-7f769a60fd4c}</UniqueIdentifier>
    </Filter>
    <Filter Include="Source files\Drivers\STM32F7xx_HAL_Driver">
      <UniqueIdentifier>{72e7ca37-bbdd-4384-9d8e-9a14af542c92}</UniqueIdentifier>
    </Filter>
    <Filter Include="Source files\Drivers\STM32F7xx_HAL_Driver\Inc">
      <UniqueIdentifier>{56322d03-291d-47cc-a848-32dcc74de5a6}</UniqueIdentifier>
    </Filter>
    <Filter Include="Source files\Drivers\STM32F7xx_HAL_Driver\Inc\Legacy">
      <UniqueIdentifier>{84da6e76-1e7b-4bd6-9509-94fbcaa87b04}</UniqueIdentifier>
    </Filter>
    <Filter Include="Source files\Drivers\STM32F7xx_HAL_Driver\Src">
      <UniqueIdentifier>{b675a7d0-562a-4197-ae32-d2e065e9618c}</UniqueIdentifier>
    </Filter>
    <Filter Include="Source files\Device-specific files">
      <UniqueIdentifier>{83f867d3-9ae8-4247-bc11-63955853c4d8}</UniqueIdentifier>
    </Filter>
    <Filter Include="Header files\Startup">
      <UniqueIdentifier>{9e0f639d-00b1-4fef-8bb4-c31f6c970945}</UniqueIdentifier>
    </Filter>
    <Filter Include="Header files\Src">
      <UniqueIdentifier>{8a6c57f7-04d5-4002-a707-0a1c5d2bd906}</UniqueIdentifier>
    </Filter>
    <Filter Include="Header files\Middlewares">
      <UniqueIdentifier>{19478261-e6a3-4ea7-acbb-2e2b2c8cb824}</UniqueIdentifier>
    </Filter>
    <Filter Include="Header files\Middlewares\Third_Party">
      <UniqueIdentifier>{011a2ff9-b2a6-49c7-a5f3-3e386bcdc320}</UniqueIdentifier>
    </Filter>
    <Filter Include="Header files\Middlewares\Third_Party\FatFs">
      <UniqueIdentifier>{9330ecd0-7d3e-47ec-b890-b7d0f62c8713}</UniqueIdentifier>
    </Filter>
    <Filter Include="Header files\Middlewares\Third_Party\FatFs\src">
      <UniqueIdentifier>{ba4acb7e-8c03-4537-87b1-4db8b3ab5cc9}</UniqueIdentifier>
    </Filter>
    <Filter Include="Header files\Middlewares\Third_Party\FatFs\src\option">
      <UniqueIdentifier>{44aee830-2300-4a38-9a75-8b277aaea385}</UniqueIdentifier>
    </Filter>
    <Filter Include="Header files\Drivers">
      <UniqueIdentifier>{0a8f4980-3323-4e9e-991b-7d2b4f7ddad6}</UniqueIdentifier>
    </Filter>
    <Filter Include="Header files\Drivers\CMSIS">
      <UniqueIdentifier>{290671a2-8c4d-4a24-b9a6-ea21111d4845}</UniqueIdentifier>
    </Filter>
    <Filter Include="Header files\Drivers\CMSIS\Device">
      <UniqueIdentifier>{44e36036-fb66-4b88-8610-bff8c1d178ee}</UniqueIdentifier>
    </Filter>
    <Filter Include="Header files\Drivers\CMSIS\Device\ST">
      <UniqueIdentifier>{77f6cfd8-e17e-4ed2-8666-7b27d52942e6}</UniqueIdentifier>
    </Filter>
    <Filter Include="Header files\Drivers\CMSIS\Device\ST\STM32F7xx">
      <UniqueIdentifier>{6905d786-196e-41f1-b62d-95903bd61ba2}</UniqueIdentifier>
    </Filter>
    <Filter Include="Header files\Drivers\CMSIS\Device\ST\STM32F7xx\Include">
      <UniqueIdentifier>{07feaa26-fac9-4216-b617-66735cab9944}</UniqueIdentifier>
    </Filter>
    <Filter Include="Header files\Drivers\CMSIS\Include">
      <UniqueIdentifier>{67ddb053-b790-4ec7-a977-dc497dc74d00}</UniqueIdentifier>
    </Filter>
    <Filter Include="Header files\Drivers\STM32F7xx_HAL_Driver">
      <UniqueIdentifier>{7c31388d-5488-427e-aa89-22d37405ac2e}</UniqueIdentifier>
    </Filter>
    <Filter Include="Header files\Drivers\STM32F7xx_HAL_Driver\Inc">
      <UniqueIdentifier>{41fb25ac-1174-475a-929a-46aed85be380}</UniqueIdentifier>
    </Filter>
    <Filter Include="Header files\Drivers\STM32F7xx_HAL_Driver\Inc\Legacy">
      <UniqueIdentifier>{dc9591e6-8619-4bf0-8784-b223c3c4e4b9}</UniqueIdentifier>
    </Filter>
    <Filter Include="Header files\Drivers\STM32F7xx_HAL_Driver\Src">
      <UniqueIdentifier>{f7f8f621-770e-4a44-aaeb-90182a4aff4e}</UniqueIdentifier>
    </Filter>
    <Filter Include="Header files\Device-specific files">
      <UniqueIdentifier>{1152110c-23e4-4b3c-bff4-69b33c505e74}</UniqueIdentifier>
    </Filter>
    <Filter Include="VisualGDB settings">
      <UniqueIdentifier>{79f92f84-a11f-4916-8ebf-4186ed9fd23f}</UniqueIdentifier>
    </Filter>
    <Filter Include="Source files\Middlewares\RC522">
      <UniqueIdentifier>{833e5b60-ff84-40cc-9fed-4c2bb28facee}</UniqueIdentifier>
    </Filter>
    <Filter Include="Header files\Middlewares\RC522">
      <UniqueIdentifier>{d1fcb215-fb3e-4ee2-b21c-1d93a78e039c}</UniqueIdentifier>
    </Filter>
  </ItemGroup>
  <ItemGroup>
    <ClCompile Include="..\Startup\startup_stm32f746nghx.s">
      <Filter>Source files\Startup</Filter>
    </ClCompile>
    <ClCompile Include="..\Src\crc.c">
      <Filter>Source files\Src</Filter>
    </ClCompile>
    <ClCompile Include="..\Src\dma2d.c">
      <Filter>Source files\Src</Filter>
    </ClCompile>
    <ClCompile Include="..\Src\fatfs.c">
      <Filter>Source files\Src</Filter>
    </ClCompile>
    <ClCompile Include="..\Src\gpio.c">
      <Filter>Source files\Src</Filter>
    </ClCompile>
    <ClCompile Include="..\Src\main.c">
      <Filter>Source files\Src</Filter>
    </ClCompile>
    <ClCompile Include="..\Src\spi.c">
      <Filter>Source files\Src</Filter>
    </ClCompile>
    <ClCompile Include="..\Src\stm32f7xx_hal_msp.c">
      <Filter>Source files\Src</Filter>
    </ClCompile>
    <ClCompile Include="..\Src\stm32f7xx_it.c">
      <Filter>Source files\Src</Filter>
    </ClCompile>
    <ClCompile Include="..\Src\syscalls.c">
      <Filter>Source files\Src</Filter>
    </ClCompile>
    <ClCompile Include="..\Src\sysmem.c">
      <Filter>Source files\Src</Filter>
    </ClCompile>
    <ClCompile Include="..\Src\system_stm32f7xx.c">
      <Filter>Source files\Src</Filter>
    </ClCompile>
    <ClCompile Include="..\Src\usart.c">
      <Filter>Source files\Src</Filter>
    </ClCompile>
    <ClCompile Include="..\Src\user_diskio.c">
      <Filter>Source files\Src</Filter>
    </ClCompile>
    <ClCompile Include="..\Middlewares\Third_Party\FatFs\src\diskio.c">
      <Filter>Source files\Middlewares\Third_Party\FatFs\src</Filter>
    </ClCompile>
    <ClInclude Include="..\Middlewares\Third_Party\FatFs\src\diskio.h">
      <Filter>Source files\Middlewares\Third_Party\FatFs\src</Filter>
    </ClInclude>
    <ClCompile Include="..\Middlewares\Third_Party\FatFs\src\ff.c">
      <Filter>Source files\Middlewares\Third_Party\FatFs\src</Filter>
    </ClCompile>
    <ClInclude Include="..\Middlewares\Third_Party\FatFs\src\ff.h">
      <Filter>Source files\Middlewares\Third_Party\FatFs\src</Filter>
    </ClInclude>
    <ClCompile Include="..\Middlewares\Third_Party\FatFs\src\ff_gen_drv.c">
      <Filter>Source files\Middlewares\Third_Party\FatFs\src</Filter>
    </ClCompile>
    <ClInclude Include="..\Middlewares\Third_Party\FatFs\src\ff_gen_drv.h">
      <Filter>Source files\Middlewares\Third_Party\FatFs\src</Filter>
    </ClInclude>
    <ClInclude Include="..\Middlewares\Third_Party\FatFs\src\integer.h">
      <Filter>Source files\Middlewares\Third_Party\FatFs\src</Filter>
    </ClInclude>
    <ClCompile Include="..\Middlewares\Third_Party\FatFs\src\option\ccsbcs.c">
      <Filter>Source files\Middlewares\Third_Party\FatFs\src\option</Filter>
    </ClCompile>
    <ClCompile Include="..\Middlewares\Third_Party\FatFs\src\option\syscall.c">
      <Filter>Source files\Middlewares\Third_Party\FatFs\src\option</Filter>
    </ClCompile>
    <ClInclude Include="..\Drivers\CMSIS\Device\ST\STM32F7xx\Include\stm32f746xx.h">
      <Filter>Source files\Drivers\CMSIS\Device\ST\STM32F7xx\Include</Filter>
    </ClInclude>
    <ClInclude Include="..\Drivers\CMSIS\Device\ST\STM32F7xx\Include\stm32f7xx.h">
      <Filter>Source files\Drivers\CMSIS\Device\ST\STM32F7xx\Include</Filter>
    </ClInclude>
    <ClInclude Include="..\Drivers\CMSIS\Device\ST\STM32F7xx\Include\system_stm32f7xx.h">
      <Filter>Source files\Drivers\CMSIS\Device\ST\STM32F7xx\Include</Filter>
    </ClInclude>
    <ClInclude Include="..\Drivers\CMSIS\Include\cmsis_armcc.h">
      <Filter>Source files\Drivers\CMSIS\Include</Filter>
    </ClInclude>
    <ClInclude Include="..\Drivers\CMSIS\Include\cmsis_armclang.h">
      <Filter>Source files\Drivers\CMSIS\Include</Filter>
    </ClInclude>
    <ClInclude Include="..\Drivers\CMSIS\Include\cmsis_compiler.h">
      <Filter>Source files\Drivers\CMSIS\Include</Filter>
    </ClInclude>
    <ClInclude Include="..\Drivers\CMSIS\Include\cmsis_gcc.h">
      <Filter>Source files\Drivers\CMSIS\Include</Filter>
    </ClInclude>
    <ClInclude Include="..\Drivers\CMSIS\Include\cmsis_iccarm.h">
      <Filter>Source files\Drivers\CMSIS\Include</Filter>
    </ClInclude>
    <ClInclude Include="..\Drivers\CMSIS\Include\cmsis_version.h">
      <Filter>Source files\Drivers\CMSIS\Include</Filter>
    </ClInclude>
    <ClInclude Include="..\Drivers\CMSIS\Include\core_armv8mbl.h">
      <Filter>Source files\Drivers\CMSIS\Include</Filter>
    </ClInclude>
    <ClInclude Include="..\Drivers\CMSIS\Include\core_armv8mml.h">
      <Filter>Source files\Drivers\CMSIS\Include</Filter>
    </ClInclude>
    <ClInclude Include="..\Drivers\CMSIS\Include\core_cm0.h">
      <Filter>Source files\Drivers\CMSIS\Include</Filter>
    </ClInclude>
    <ClInclude Include="..\Drivers\CMSIS\Include\core_cm0plus.h">
      <Filter>Source files\Drivers\CMSIS\Include</Filter>
    </ClInclude>
    <ClInclude Include="..\Drivers\CMSIS\Include\core_cm1.h">
      <Filter>Source files\Drivers\CMSIS\Include</Filter>
    </ClInclude>
    <ClInclude Include="..\Drivers\CMSIS\Include\core_cm23.h">
      <Filter>Source files\Drivers\CMSIS\Include</Filter>
    </ClInclude>
    <ClInclude Include="..\Drivers\CMSIS\Include\core_cm3.h">
      <Filter>Source files\Drivers\CMSIS\Include</Filter>
    </ClInclude>
    <ClInclude Include="..\Drivers\CMSIS\Include\core_cm33.h">
      <Filter>Source files\Drivers\CMSIS\Include</Filter>
    </ClInclude>
    <ClInclude Include="..\Drivers\CMSIS\Include\core_cm4.h">
      <Filter>Source files\Drivers\CMSIS\Include</Filter>
    </ClInclude>
    <ClInclude Include="..\Drivers\CMSIS\Include\core_cm7.h">
      <Filter>Source files\Drivers\CMSIS\Include</Filter>
    </ClInclude>
    <ClInclude Include="..\Drivers\CMSIS\Include\core_sc000.h">
      <Filter>Source files\Drivers\CMSIS\Include</Filter>
    </ClInclude>
    <ClInclude Include="..\Drivers\CMSIS\Include\core_sc300.h">
      <Filter>Source files\Drivers\CMSIS\Include</Filter>
    </ClInclude>
    <ClInclude Include="..\Drivers\CMSIS\Include\mpu_armv7.h">
      <Filter>Source files\Drivers\CMSIS\Include</Filter>
    </ClInclude>
    <ClInclude Include="..\Drivers\CMSIS\Include\mpu_armv8.h">
      <Filter>Source files\Drivers\CMSIS\Include</Filter>
    </ClInclude>
    <ClInclude Include="..\Drivers\CMSIS\Include\tz_context.h">
      <Filter>Source files\Drivers\CMSIS\Include</Filter>
    </ClInclude>
    <ClInclude Include="..\Drivers\STM32F7xx_HAL_Driver\Inc\stm32f7xx_hal.h">
      <Filter>Source files\Drivers\STM32F7xx_HAL_Driver\Inc</Filter>
    </ClInclude>
    <ClInclude Include="..\Drivers\STM32F7xx_HAL_Driver\Inc\stm32f7xx_hal_cortex.h">
      <Filter>Source files\Drivers\STM32F7xx_HAL_Driver\Inc</Filter>
    </ClInclude>
    <ClInclude Include="..\Drivers\STM32F7xx_HAL_Driver\Inc\stm32f7xx_hal_crc.h">
      <Filter>Source files\Drivers\STM32F7xx_HAL_Driver\Inc</Filter>
    </ClInclude>
    <ClInclude Include="..\Drivers\STM32F7xx_HAL_Driver\Inc\stm32f7xx_hal_crc_ex.h">
      <Filter>Source files\Drivers\STM32F7xx_HAL_Driver\Inc</Filter>
    </ClInclude>
    <ClInclude Include="..\Drivers\STM32F7xx_HAL_Driver\Inc\stm32f7xx_hal_def.h">
      <Filter>Source files\Drivers\STM32F7xx_HAL_Driver\Inc</Filter>
    </ClInclude>
    <ClInclude Include="..\Drivers\STM32F7xx_HAL_Driver\Inc\stm32f7xx_hal_dma.h">
      <Filter>Source files\Drivers\STM32F7xx_HAL_Driver\Inc</Filter>
    </ClInclude>
    <ClInclude Include="..\Drivers\STM32F7xx_HAL_Driver\Inc\stm32f7xx_hal_dma2d.h">
      <Filter>Source files\Drivers\STM32F7xx_HAL_Driver\Inc</Filter>
    </ClInclude>
    <ClInclude Include="..\Drivers\STM32F7xx_HAL_Driver\Inc\stm32f7xx_hal_dma_ex.h">
      <Filter>Source files\Drivers\STM32F7xx_HAL_Driver\Inc</Filter>
    </ClInclude>
    <ClInclude Include="..\Drivers\STM32F7xx_HAL_Driver\Inc\stm32f7xx_hal_exti.h">
      <Filter>Source files\Drivers\STM32F7xx_HAL_Driver\Inc</Filter>
    </ClInclude>
    <ClInclude Include="..\Drivers\STM32F7xx_HAL_Driver\Inc\stm32f7xx_hal_flash.h">
      <Filter>Source files\Drivers\STM32F7xx_HAL_Driver\Inc</Filter>
    </ClInclude>
    <ClInclude Include="..\Drivers\STM32F7xx_HAL_Driver\Inc\stm32f7xx_hal_flash_ex.h">
      <Filter>Source files\Drivers\STM32F7xx_HAL_Driver\Inc</Filter>
    </ClInclude>
    <ClInclude Include="..\Drivers\STM32F7xx_HAL_Driver\Inc\stm32f7xx_hal_gpio.h">
      <Filter>Source files\Drivers\STM32F7xx_HAL_Driver\Inc</Filter>
    </ClInclude>
    <ClInclude Include="..\Drivers\STM32F7xx_HAL_Driver\Inc\stm32f7xx_hal_gpio_ex.h">
      <Filter>Source files\Drivers\STM32F7xx_HAL_Driver\Inc</Filter>
    </ClInclude>
    <ClInclude Include="..\Drivers\STM32F7xx_HAL_Driver\Inc\stm32f7xx_hal_i2c.h">
      <Filter>Source files\Drivers\STM32F7xx_HAL_Driver\Inc</Filter>
    </ClInclude>
    <ClInclude Include="..\Drivers\STM32F7xx_HAL_Driver\Inc\stm32f7xx_hal_i2c_ex.h">
      <Filter>Source files\Drivers\STM32F7xx_HAL_Driver\Inc</Filter>
    </ClInclude>
    <ClInclude Include="..\Drivers\STM32F7xx_HAL_Driver\Inc\stm32f7xx_hal_pwr.h">
      <Filter>Source files\Drivers\STM32F7xx_HAL_Driver\Inc</Filter>
    </ClInclude>
    <ClInclude Include="..\Drivers\STM32F7xx_HAL_Driver\Inc\stm32f7xx_hal_pwr_ex.h">
      <Filter>Source files\Drivers\STM32F7xx_HAL_Driver\Inc</Filter>
    </ClInclude>
    <ClInclude Include="..\Drivers\STM32F7xx_HAL_Driver\Inc\stm32f7xx_hal_rcc.h">
      <Filter>Source files\Drivers\STM32F7xx_HAL_Driver\Inc</Filter>
    </ClInclude>
    <ClInclude Include="..\Drivers\STM32F7xx_HAL_Driver\Inc\stm32f7xx_hal_rcc_ex.h">
      <Filter>Source files\Drivers\STM32F7xx_HAL_Driver\Inc</Filter>
    </ClInclude>
    <ClInclude Include="..\Drivers\STM32F7xx_HAL_Driver\Inc\stm32f7xx_hal_spi.h">
      <Filter>Source files\Drivers\STM32F7xx_HAL_Driver\Inc</Filter>
    </ClInclude>
    <ClInclude Include="..\Drivers\STM32F7xx_HAL_Driver\Inc\stm32f7xx_hal_spi_ex.h">
      <Filter>Source files\Drivers\STM32F7xx_HAL_Driver\Inc</Filter>
    </ClInclude>
    <ClInclude Include="..\Drivers\STM32F7xx_HAL_Driver\Inc\stm32f7xx_hal_tim.h">
      <Filter>Source files\Drivers\STM32F7xx_HAL_Driver\Inc</Filter>
    </ClInclude>
    <ClInclude Include="..\Drivers\STM32F7xx_HAL_Driver\Inc\stm32f7xx_hal_tim_ex.h">
      <Filter>Source files\Drivers\STM32F7xx_HAL_Driver\Inc</Filter>
    </ClInclude>
    <ClInclude Include="..\Drivers\STM32F7xx_HAL_Driver\Inc\stm32f7xx_hal_uart.h">
      <Filter>Source files\Drivers\STM32F7xx_HAL_Driver\Inc</Filter>
    </ClInclude>
    <ClInclude Include="..\Drivers\STM32F7xx_HAL_Driver\Inc\stm32f7xx_hal_uart_ex.h">
      <Filter>Source files\Drivers\STM32F7xx_HAL_Driver\Inc</Filter>
    </ClInclude>
    <ClInclude Include="..\Drivers\STM32F7xx_HAL_Driver\Inc\stm32f7xx_ll_bus.h">
      <Filter>Source files\Drivers\STM32F7xx_HAL_Driver\Inc</Filter>
    </ClInclude>
    <ClInclude Include="..\Drivers\STM32F7xx_HAL_Driver\Inc\stm32f7xx_ll_cortex.h">
      <Filter>Source files\Drivers\STM32F7xx_HAL_Driver\Inc</Filter>
    </ClInclude>
    <ClInclude Include="..\Drivers\STM32F7xx_HAL_Driver\Inc\stm32f7xx_ll_crc.h">
      <Filter>Source files\Drivers\STM32F7xx_HAL_Driver\Inc</Filter>
    </ClInclude>
    <ClInclude Include="..\Drivers\STM32F7xx_HAL_Driver\Inc\stm32f7xx_ll_dma.h">
      <Filter>Source files\Drivers\STM32F7xx_HAL_Driver\Inc</Filter>
    </ClInclude>
    <ClInclude Include="..\Drivers\STM32F7xx_HAL_Driver\Inc\stm32f7xx_ll_dma2d.h">
      <Filter>Source files\Drivers\STM32F7xx_HAL_Driver\Inc</Filter>
    </ClInclude>
    <ClInclude Include="..\Drivers\STM32F7xx_HAL_Driver\Inc\stm32f7xx_ll_exti.h">
      <Filter>Source files\Drivers\STM32F7xx_HAL_Driver\Inc</Filter>
    </ClInclude>
    <ClInclude Include="..\Drivers\STM32F7xx_HAL_Driver\Inc\stm32f7xx_ll_gpio.h">
      <Filter>Source files\Drivers\STM32F7xx_HAL_Driver\Inc</Filter>
    </ClInclude>
    <ClInclude Include="..\Drivers\STM32F7xx_HAL_Driver\Inc\stm32f7xx_ll_pwr.h">
      <Filter>Source files\Drivers\STM32F7xx_HAL_Driver\Inc</Filter>
    </ClInclude>
    <ClInclude Include="..\Drivers\STM32F7xx_HAL_Driver\Inc\stm32f7xx_ll_rcc.h">
      <Filter>Source files\Drivers\STM32F7xx_HAL_Driver\Inc</Filter>
    </ClInclude>
    <ClInclude Include="..\Drivers\STM32F7xx_HAL_Driver\Inc\stm32f7xx_ll_system.h">
      <Filter>Source files\Drivers\STM32F7xx_HAL_Driver\Inc</Filter>
    </ClInclude>
    <ClInclude Include="..\Drivers\STM32F7xx_HAL_Driver\Inc\stm32f7xx_ll_usart.h">
      <Filter>Source files\Drivers\STM32F7xx_HAL_Driver\Inc</Filter>
    </ClInclude>
    <ClInclude Include="..\Drivers\STM32F7xx_HAL_Driver\Inc\stm32f7xx_ll_utils.h">
      <Filter>Source files\Drivers\STM32F7xx_HAL_Driver\Inc</Filter>
    </ClInclude>
    <ClInclude Include="..\Drivers\STM32F7xx_HAL_Driver\Inc\Legacy\stm32_hal_legacy.h">
      <Filter>Source files\Drivers\STM32F7xx_HAL_Driver\Inc\Legacy</Filter>
    </ClInclude>
    <ClCompile Include="..\Drivers\STM32F7xx_HAL_Driver\Src\stm32f7xx_hal.c">
      <Filter>Source files\Drivers\STM32F7xx_HAL_Driver\Src</Filter>
    </ClCompile>
    <ClCompile Include="..\Drivers\STM32F7xx_HAL_Driver\Src\stm32f7xx_hal_cortex.c">
      <Filter>Source files\Drivers\STM32F7xx_HAL_Driver\Src</Filter>
    </ClCompile>
    <ClCompile Include="..\Drivers\STM32F7xx_HAL_Driver\Src\stm32f7xx_hal_crc.c">
      <Filter>Source files\Drivers\STM32F7xx_HAL_Driver\Src</Filter>
    </ClCompile>
    <ClCompile Include="..\Drivers\STM32F7xx_HAL_Driver\Src\stm32f7xx_hal_crc_ex.c">
      <Filter>Source files\Drivers\STM32F7xx_HAL_Driver\Src</Filter>
    </ClCompile>
    <ClCompile Include="..\Drivers\STM32F7xx_HAL_Driver\Src\stm32f7xx_hal_dma.c">
      <Filter>Source files\Drivers\STM32F7xx_HAL_Driver\Src</Filter>
    </ClCompile>
    <ClCompile Include="..\Drivers\STM32F7xx_HAL_Driver\Src\stm32f7xx_hal_dma2d.c">
      <Filter>Source files\Drivers\STM32F7xx_HAL_Driver\Src</Filter>
    </ClCompile>
    <ClCompile Include="..\Drivers\STM32F7xx_HAL_Driver\Src\stm32f7xx_hal_dma_ex.c">
      <Filter>Source files\Drivers\STM32F7xx_HAL_Driver\Src</Filter>
    </ClCompile>
    <ClCompile Include="..\Drivers\STM32F7xx_HAL_Driver\Src\stm32f7xx_hal_exti.c">
      <Filter>Source files\Drivers\STM32F7xx_HAL_Driver\Src</Filter>
    </ClCompile>
    <ClCompile Include="..\Drivers\STM32F7xx_HAL_Driver\Src\stm32f7xx_hal_flash.c">
      <Filter>Source files\Drivers\STM32F7xx_HAL_Driver\Src</Filter>
    </ClCompile>
    <ClCompile Include="..\Drivers\STM32F7xx_HAL_Driver\Src\stm32f7xx_hal_flash_ex.c">
      <Filter>Source files\Drivers\STM32F7xx_HAL_Driver\Src</Filter>
    </ClCompile>
    <ClCompile Include="..\Drivers\STM32F7xx_HAL_Driver\Src\stm32f7xx_hal_gpio.c">
      <Filter>Source files\Drivers\STM32F7xx_HAL_Driver\Src</Filter>
    </ClCompile>
    <ClCompile Include="..\Drivers\STM32F7xx_HAL_Driver\Src\stm32f7xx_hal_i2c.c">
      <Filter>Source files\Drivers\STM32F7xx_HAL_Driver\Src</Filter>
    </ClCompile>
    <ClCompile Include="..\Drivers\STM32F7xx_HAL_Driver\Src\stm32f7xx_hal_i2c_ex.c">
      <Filter>Source files\Drivers\STM32F7xx_HAL_Driver\Src</Filter>
    </ClCompile>
    <ClCompile Include="..\Drivers\STM32F7xx_HAL_Driver\Src\stm32f7xx_hal_pwr.c">
      <Filter>Source files\Drivers\STM32F7xx_HAL_Driver\Src</Filter>
    </ClCompile>
    <ClCompile Include="..\Drivers\STM32F7xx_HAL_Driver\Src\stm32f7xx_hal_pwr_ex.c">
      <Filter>Source files\Drivers\STM32F7xx_HAL_Driver\Src</Filter>
    </ClCompile>
    <ClCompile Include="..\Drivers\STM32F7xx_HAL_Driver\Src\stm32f7xx_hal_rcc.c">
      <Filter>Source files\Drivers\STM32F7xx_HAL_Driver\Src</Filter>
    </ClCompile>
    <ClCompile Include="..\Drivers\STM32F7xx_HAL_Driver\Src\stm32f7xx_hal_rcc_ex.c">
      <Filter>Source files\Drivers\STM32F7xx_HAL_Driver\Src</Filter>
    </ClCompile>
    <ClCompile Include="..\Drivers\STM32F7xx_HAL_Driver\Src\stm32f7xx_hal_spi.c">
      <Filter>Source files\Drivers\STM32F7xx_HAL_Driver\Src</Filter>
    </ClCompile>
    <ClCompile Include="..\Drivers\STM32F7xx_HAL_Driver\Src\stm32f7xx_hal_spi_ex.c">
      <Filter>Source files\Drivers\STM32F7xx_HAL_Driver\Src</Filter>
    </ClCompile>
    <ClCompile Include="..\Drivers\STM32F7xx_HAL_Driver\Src\stm32f7xx_hal_tim.c">
      <Filter>Source files\Drivers\STM32F7xx_HAL_Driver\Src</Filter>
    </ClCompile>
    <ClCompile Include="..\Drivers\STM32F7xx_HAL_Driver\Src\stm32f7xx_hal_tim_ex.c">
      <Filter>Source files\Drivers\STM32F7xx_HAL_Driver\Src</Filter>
    </ClCompile>
    <ClCompile Include="..\Drivers\STM32F7xx_HAL_Driver\Src\stm32f7xx_hal_uart.c">
      <Filter>Source files\Drivers\STM32F7xx_HAL_Driver\Src</Filter>
    </ClCompile>
    <ClCompile Include="..\Drivers\STM32F7xx_HAL_Driver\Src\stm32f7xx_hal_uart_ex.c">
      <Filter>Source files\Drivers\STM32F7xx_HAL_Driver\Src</Filter>
    </ClCompile>
    <None Include="stm32.props">
      <Filter>Source files\Device-specific files</Filter>
    </None>
    <ClInclude Include="..\Inc\crc.h">
      <Filter>Header files\Src</Filter>
    </ClInclude>
    <ClInclude Include="..\Inc\dma2d.h">
      <Filter>Header files\Src</Filter>
    </ClInclude>
    <ClInclude Include="..\Inc\fatfs.h">
      <Filter>Header files\Src</Filter>
    </ClInclude>
    <ClInclude Include="..\Inc\ffconf.h">
      <Filter>Header files\Src</Filter>
    </ClInclude>
    <ClInclude Include="..\Inc\gpio.h">
      <Filter>Header files\Src</Filter>
    </ClInclude>
    <ClInclude Include="..\Inc\main.h">
      <Filter>Header files\Src</Filter>
    </ClInclude>
    <ClInclude Include="..\Inc\spi.h">
      <Filter>Header files\Src</Filter>
    </ClInclude>
    <ClInclude Include="..\Inc\stm32f7xx_hal_conf.h">
      <Filter>Header files\Src</Filter>
    </ClInclude>
    <ClInclude Include="..\Inc\stm32f7xx_it.h">
      <Filter>Header files\Src</Filter>
    </ClInclude>
    <ClInclude Include="..\Inc\usart.h">
      <Filter>Header files\Src</Filter>
    </ClInclude>
    <ClInclude Include="..\Inc\user_diskio.h">
      <Filter>Header files\Src</Filter>
    </ClInclude>
    <None Include="EmbeddedProject1-Debug.vgdbsettings">
      <Filter>VisualGDB settings</Filter>
    </None>
    <None Include="EmbeddedProject1-Release.vgdbsettings">
      <Filter>VisualGDB settings</Filter>
    </None>
    <None Include="stm32.xml">
      <Filter>VisualGDB settings</Filter>
    </None>
    <ClCompile Include="..\Middlewares\RC522\rc522.c">
      <Filter>Source files\Middlewares\RC522</Filter>
    </ClCompile>
    <ClCompile Include="..\Src\delay_us.c">
      <Filter>Source files\Src</Filter>
    </ClCompile>
  </ItemGroup>
  <ItemGroup>
    <ClInclude Include="..\Inc\delay_us.h">
      <Filter>Header files\Src</Filter>
    </ClInclude>
    <ClInclude Include="..\Middlewares\RC522\rc522.h">
      <Filter>Header files\Middlewares\RC522</Filter>
    </ClInclude>
  </ItemGroup>
</Project>